// !$*UTF8*$!
{
	archiveVersion = 1;
	classes = {
	};
	objectVersion = 50;
	objects = {

/* Begin PBXBuildFile section */
		3F76330621C8999A00B6C366 /* AppDelegate.swift in Sources */ = {isa = PBXBuildFile; fileRef = 3F76330521C8999A00B6C366 /* AppDelegate.swift */; };
		3F76330821C8999A00B6C366 /* FirstViewController.swift in Sources */ = {isa = PBXBuildFile; fileRef = 3F76330721C8999A00B6C366 /* FirstViewController.swift */; };
		3F76330B21C8999A00B6C366 /* Main.storyboard in Resources */ = {isa = PBXBuildFile; fileRef = 3F76330921C8999A00B6C366 /* Main.storyboard */; };
		3F76330D21C8999B00B6C366 /* Assets.xcassets in Resources */ = {isa = PBXBuildFile; fileRef = 3F76330C21C8999B00B6C366 /* Assets.xcassets */; };
		3F76331021C8999B00B6C366 /* LaunchScreen.storyboard in Resources */ = {isa = PBXBuildFile; fileRef = 3F76330E21C8999B00B6C366 /* LaunchScreen.storyboard */; };
		3F76331821C89B5500B6C366 /* SecondViewController.swift in Sources */ = {isa = PBXBuildFile; fileRef = 3F76331721C89B5500B6C366 /* SecondViewController.swift */; };
		3F76331A21C89B6200B6C366 /* ThirdViewController.swift in Sources */ = {isa = PBXBuildFile; fileRef = 3F76331921C89B6200B6C366 /* ThirdViewController.swift */; };
		3F76331C21C89BFA00B6C366 /* Student.swift in Sources */ = {isa = PBXBuildFile; fileRef = 3F76331B21C89BFA00B6C366 /* Student.swift */; };
/* End PBXBuildFile section */

/* Begin PBXFileReference section */
		3F76330221C8999A00B6C366 /* MVC正逆向.app */ = {isa = PBXFileReference; explicitFileType = wrapper.application; includeInIndex = 0; path = "MVC正逆向.app"; sourceTree = BUILT_PRODUCTS_DIR; };
		3F76330521C8999A00B6C366 /* AppDelegate.swift */ = {isa = PBXFileReference; lastKnownFileType = sourcecode.swift; path = AppDelegate.swift; sourceTree = "<group>"; };
		3F76330721C8999A00B6C366 /* FirstViewController.swift */ = {isa = PBXFileReference; lastKnownFileType = sourcecode.swift; path = FirstViewController.swift; sourceTree = "<group>"; };
		3F76330A21C8999A00B6C366 /* Base */ = {isa = PBXFileReference; lastKnownFileType = file.storyboard; name = Base; path = Base.lproj/Main.storyboard; sourceTree = "<group>"; };
		3F76330C21C8999B00B6C366 /* Assets.xcassets */ = {isa = PBXFileReference; lastKnownFileType = folder.assetcatalog; path = Assets.xcassets; sourceTree = "<group>"; };
		3F76330F21C8999B00B6C366 /* Base */ = {isa = PBXFileReference; lastKnownFileType = file.storyboard; name = Base; path = Base.lproj/LaunchScreen.storyboard; sourceTree = "<group>"; };
		3F76331121C8999B00B6C366 /* Info.plist */ = {isa = PBXFileReference; lastKnownFileType = text.plist.xml; path = Info.plist; sourceTree = "<group>"; };
		3F76331721C89B5500B6C366 /* SecondViewController.swift */ = {isa = PBXFileReference; lastKnownFileType = sourcecode.swift; path = SecondViewController.swift; sourceTree = "<group>"; };
		3F76331921C89B6200B6C366 /* ThirdViewController.swift */ = {isa = PBXFileReference; lastKnownFileType = sourcecode.swift; path = ThirdViewController.swift; sourceTree = "<group>"; };
		3F76331B21C89BFA00B6C366 /* Student.swift */ = {isa = PBXFileReference; lastKnownFileType = sourcecode.swift; path = Student.swift; sourceTree = "<group>"; };
/* End PBXFileReference section */

/* Begin PBXFrameworksBuildPhase section */
		3F7632FF21C8999A00B6C366 /* Frameworks */ = {
			isa = PBXFrameworksBuildPhase;
			buildActionMask = 2147483647;
			files = (
			);
			runOnlyForDeploymentPostprocessing = 0;
		};
/* End PBXFrameworksBuildPhase section */

/* Begin PBXGroup section */
		3F7632F921C8999A00B6C366 = {
			isa = PBXGroup;
			children = (
				3F76330421C8999A00B6C366 /* MVC正逆向 */,
				3F76330321C8999A00B6C366 /* Products */,
			);
			sourceTree = "<group>";
		};
		3F76330321C8999A00B6C366 /* Products */ = {
			isa = PBXGroup;
			children = (
				3F76330221C8999A00B6C366 /* MVC正逆向.app */,
			);
			name = Products;
			sourceTree = "<group>";
		};
		3F76330421C8999A00B6C366 /* MVC正逆向 */ = {
			isa = PBXGroup;
			children = (
				3F76330521C8999A00B6C366 /* AppDelegate.swift */,
				3F76330721C8999A00B6C366 /* FirstViewController.swift */,
				3F76330921C8999A00B6C366 /* Main.storyboard */,
				3F76330C21C8999B00B6C366 /* Assets.xcassets */,
				3F76330E21C8999B00B6C366 /* LaunchScreen.storyboard */,
				3F76331121C8999B00B6C366 /* Info.plist */,
				3F76331721C89B5500B6C366 /* SecondViewController.swift */,
				3F76331921C89B6200B6C366 /* ThirdViewController.swift */,
				3F76331B21C89BFA00B6C366 /* Student.swift */,
			);
			path = "MVC正逆向";
			sourceTree = "<group>";
		};
/* End PBXGroup section */

/* Begin PBXNativeTarget section */
		3F76330121C8999A00B6C366 /* MVC正逆向 */ = {
			isa = PBXNativeTarget;
			buildConfigurationList = 3F76331421C8999B00B6C366 /* Build configuration list for PBXNativeTarget "MVC正逆向" */;
			buildPhases = (
				3F7632FE21C8999A00B6C366 /* Sources */,
				3F7632FF21C8999A00B6C366 /* Frameworks */,
				3F76330021C8999A00B6C366 /* Resources */,
			);
			buildRules = (
			);
			dependencies = (
			);
			name = "MVC正逆向";
			productName = "MVC正逆向";
			productReference = 3F76330221C8999A00B6C366 /* MVC正逆向.app */;
			productType = "com.apple.product-type.application";
		};
/* End PBXNativeTarget section */

/* Begin PBXProject section */
		3F7632FA21C8999A00B6C366 /* Project object */ = {
			isa = PBXProject;
			attributes = {
				LastSwiftUpdateCheck = 1000;
				LastUpgradeCheck = 1000;
				ORGANIZATIONNAME = yx;
				TargetAttributes = {
					3F76330121C8999A00B6C366 = {
						CreatedOnToolsVersion = 10.0;
					};
				};
			};
			buildConfigurationList = 3F7632FD21C8999A00B6C366 /* Build configuration list for PBXProject "MVC正逆向" */;
			compatibilityVersion = "Xcode 9.3";
			developmentRegion = en;
			hasScannedForEncodings = 0;
			knownRegions = (
				en,
				Base,
			);
			mainGroup = 3F7632F921C8999A00B6C366;
			productRefGroup = 3F76330321C8999A00B6C366 /* Products */;
			projectDirPath = "";
			projectRoot = "";
			targets = (
				3F76330121C8999A00B6C366 /* MVC正逆向 */,
			);
		};
/* End PBXProject section */

/* Begin PBXResourcesBuildPhase section */
		3F76330021C8999A00B6C366 /* Resources */ = {
			isa = PBXResourcesBuildPhase;
			buildActionMask = 2147483647;
			files = (
				3F76331021C8999B00B6C366 /* LaunchScreen.storyboard in Resources */,
				3F76330D21C8999B00B6C366 /* Assets.xcassets in Resources */,
				3F76330B21C8999A00B6C366 /* Main.storyboard in Resources */,
			);
			runOnlyForDeploymentPostprocessing = 0;
		};
/* End PBXResourcesBuildPhase section */

/* Begin PBXSourcesBuildPhase section */
		3F7632FE21C8999A00B6C366 /* Sources */ = {
			isa = PBXSourcesBuildPhase;
			buildActionMask = 2147483647;
			files = (
				3F76331821C89B5500B6C366 /* SecondViewController.swift in Sources */,
				3F76330821C8999A00B6C366 /* FirstViewController.swift in Sources */,
				3F76331A21C89B6200B6C366 /* ThirdViewController.swift in Sources */,
				3F76331C21C89BFA00B6C366 /* Student.swift in Sources */,
				3F76330621C8999A00B6C366 /* AppDelegate.swift in Sources */,
			);
			runOnlyForDeploymentPostprocessing = 0;
		};
/* End PBXSourcesBuildPhase section */

/* Begin PBXVariantGroup section */
		3F76330921C8999A00B6C366 /* Main.storyboard */ = {
			isa = PBXVariantGroup;
			children = (
				3F76330A21C8999A00B6C366 /* Base */,
			);
			name = Main.storyboard;
			sourceTree = "<group>";
		};
		3F76330E21C8999B00B6C366 /* LaunchScreen.storyboard */ = {
			isa = PBXVariantGroup;
			children = (
				3F76330F21C8999B00B6C366 /* Base */,
			);
			name = LaunchScreen.storyboard;
			sourceTree = "<group>";
		};
/* End PBXVariantGroup section */

/* Begin XCBuildConfiguration section */
		3F76331221C8999B00B6C366 /* Debug */ = {
			isa = XCBuildConfiguration;
			buildSettings = {
				ALWAYS_SEARCH_USER_PATHS = NO;
				CLANG_ANALYZER_NONNULL = YES;
				CLANG_ANALYZER_NUMBER_OBJECT_CONVERSION = YES_AGGRESSIVE;
				CLANG_CXX_LANGUAGE_STANDARD = "gnu++14";
				CLANG_CXX_LIBRARY = "libc++";
				CLANG_ENABLE_MODULES = YES;
				CLANG_ENABLE_OBJC_ARC = YES;
				CLANG_ENABLE_OBJC_WEAK = YES;
				CLANG_WARN_BLOCK_CAPTURE_AUTORELEASING = YES;
				CLANG_WARN_BOOL_CONVERSION = YES;
				CLANG_WARN_COMMA = YES;
				CLANG_WARN_CONSTANT_CONVERSION = YES;
				CLANG_WARN_DEPRECATED_OBJC_IMPLEMENTATIONS = YES;
				CLANG_WARN_DIRECT_OBJC_ISA_USAGE = YES_ERROR;
				CLANG_WARN_DOCUMENTATION_COMMENTS = YES;
				CLANG_WARN_EMPTY_BODY = YES;
				CLANG_WARN_ENUM_CONVERSION = YES;
				CLANG_WARN_INFINITE_RECURSION = YES;
				CLANG_WARN_INT_CONVERSION = YES;
				CLANG_WARN_NON_LITERAL_NULL_CONVERSION = YES;
				CLANG_WARN_OBJC_IMPLICIT_RETAIN_SELF = YES;
				CLANG_WARN_OBJC_LITERAL_CONVERSION = YES;
				CLANG_WARN_OBJC_ROOT_CLASS = YES_ERROR;
				CLANG_WARN_RANGE_LOOP_ANALYSIS = YES;
				CLANG_WARN_STRICT_PROTOTYPES = YES;
				CLANG_WARN_SUSPICIOUS_MOVE = YES;
				CLANG_WARN_UNGUARDED_AVAILABILITY = YES_AGGRESSIVE;
				CLANG_WARN_UNREACHABLE_CODE = YES;
				CLANG_WARN__DUPLICATE_METHOD_MATCH = YES;
				CODE_SIGN_IDENTITY = "iPhone Developer";
				COPY_PHASE_STRIP = NO;
				DEBUG_INFORMATION_FORMAT = dwarf;
				ENABLE_STRICT_OBJC_MSGSEND = YES;
				ENABLE_TESTABILITY = YES;
				GCC_C_LANGUAGE_STANDARD = gnu11;
				GCC_DYNAMIC_NO_PIC = NO;
				GCC_NO_COMMON_BLOCKS = YES;
				GCC_OPTIMIZATION_LEVEL = 0;
				GCC_PREPROCESSOR_DEFINITIONS = (
					"DEBUG=1",
					"$(inherited)",
				);
				GCC_WARN_64_TO_32_BIT_CONVERSION = YES;
				GCC_WARN_ABOUT_RETURN_TYPE = YES_ERROR;
				GCC_WARN_UNDECLARED_SELECTOR = YES;
				GCC_WARN_UNINITIALIZED_AUTOS = YES_AGGRESSIVE;
				GCC_WARN_UNUSED_FUNCTION = YES;
				GCC_WARN_UNUSED_VARIABLE = YES;
				IPHONEOS_DEPLOYMENT_TARGET = 12.0;
				MTL_ENABLE_DEBUG_INFO = INCLUDE_SOURCE;
				MTL_FAST_MATH = YES;
				ONLY_ACTIVE_ARCH = YES;
				SDKROOT = iphoneos;
				SWIFT_ACTIVE_COMPILATION_CONDITIONS = DEBUG;
				SWIFT_OPTIMIZATION_LEVEL = "-Onone";
			};
			name = Debug;
		};
		3F76331321C8999B00B6C366 /* Release */ = {
			isa = XCBuildConfiguration;
			buildSettings = {
				ALWAYS_SEARCH_USER_PATHS = NO;
				CLANG_ANALYZER_NONNULL = YES;
				CLANG_ANALYZER_NUMBER_OBJECT_CONVERSION = YES_AGGRESSIVE;
				CLANG_CXX_LANGUAGE_STANDARD = "gnu++14";
				CLANG_CXX_LIBRARY = "libc++";
				CLANG_ENABLE_MODULES = YES;
				CLANG_ENABLE_OBJC_ARC = YES;
				CLANG_ENABLE_OBJC_WEAK = YES;
				CLANG_WARN_BLOCK_CAPTURE_AUTORELEASING = YES;
				CLANG_WARN_BOOL_CONVERSION = YES;
				CLANG_WARN_COMMA = YES;
				CLANG_WARN_CONSTANT_CONVERSION = YES;
				CLANG_WARN_DEPRECATED_OBJC_IMPLEMENTATIONS = YES;
				CLANG_WARN_DIRECT_OBJC_ISA_USAGE = YES_ERROR;
				CLANG_WARN_DOCUMENTATION_COMMENTS = YES;
				CLANG_WARN_EMPTY_BODY = YES;
				CLANG_WARN_ENUM_CONVERSION = YES;
				CLANG_WARN_INFINITE_RECURSION = YES;
				CLANG_WARN_INT_CONVERSION = YES;
				CLANG_WARN_NON_LITERAL_NULL_CONVERSION = YES;
				CLANG_WARN_OBJC_IMPLICIT_RETAIN_SELF = YES;
				CLANG_WARN_OBJC_LITERAL_CONVERSION = YES;
				CLANG_WARN_OBJC_ROOT_CLASS = YES_ERROR;
				CLANG_WARN_RANGE_LOOP_ANALYSIS = YES;
				CLANG_WARN_STRICT_PROTOTYPES = YES;
				CLANG_WARN_SUSPICIOUS_MOVE = YES;
				CLANG_WARN_UNGUARDED_AVAILABILITY = YES_AGGRESSIVE;
				CLANG_WARN_UNREACHABLE_CODE = YES;
				CLANG_WARN__DUPLICATE_METHOD_MATCH = YES;
				CODE_SIGN_IDENTITY = "iPhone Developer";
				COPY_PHASE_STRIP = NO;
				DEBUG_INFORMATION_FORMAT = "dwarf-with-dsym";
				ENABLE_NS_ASSERTIONS = NO;
				ENABLE_STRICT_OBJC_MSGSEND = YES;
				GCC_C_LANGUAGE_STANDARD = gnu11;
				GCC_NO_COMMON_BLOCKS = YES;
				GCC_WARN_64_TO_32_BIT_CONVERSION = YES;
				GCC_WARN_ABOUT_RETURN_TYPE = YES_ERROR;
				GCC_WARN_UNDECLARED_SELECTOR = YES;
				GCC_WARN_UNINITIALIZED_AUTOS = YES_AGGRESSIVE;
				GCC_WARN_UNUSED_FUNCTION = YES;
				GCC_WARN_UNUSED_VARIABLE = YES;
				IPHONEOS_DEPLOYMENT_TARGET = 12.0;
				MTL_ENABLE_DEBUG_INFO = NO;
				MTL_FAST_MATH = YES;
				SDKROOT = iphoneos;
				SWIFT_COMPILATION_MODE = wholemodule;
				SWIFT_OPTIMIZATION_LEVEL = "-O";
				VALIDATE_PRODUCT = YES;
			};
			name = Release;
		};
		3F76331521C8999B00B6C366 /* Debug */ = {
			isa = XCBuildConfiguration;
			buildSettings = {
				ASSETCATALOG_COMPILER_APPICON_NAME = AppIcon;
				CODE_SIGN_STYLE = Automatic;
				INFOPLIST_FILE = "MVC正逆向/Info.plist";
				LD_RUNPATH_SEARCH_PATHS = (
					"$(inherited)",
					"@executable_path/Frameworks",
				);
				PRODUCT_BUNDLE_IDENTIFIER = "-016110347.MVC---";
				PRODUCT_NAME = "$(TARGET_NAME)";
				SWIFT_VERSION = 4.2;
				TARGETED_DEVICE_FAMILY = "1,2";
			};
			name = Debug;
		};
		3F76331621C8999B00B6C366 /* Release */ = {
			isa = XCBuildConfiguration;
			buildSettings = {
				ASSETCATALOG_COMPILER_APPICON_NAME = AppIcon;
				CODE_SIGN_STYLE = Automatic;
				INFOPLIST_FILE = "MVC正逆向/Info.plist";
				LD_RUNPATH_SEARCH_PATHS = (
					"$(inherited)",
					"@executable_path/Frameworks",
				);
				PRODUCT_BUNDLE_IDENTIFIER = "-016110347.MVC---";
				PRODUCT_NAME = "$(TARGET_NAME)";
				SWIFT_VERSION = 4.2;
				TARGETED_DEVICE_FAMILY = "1,2";
			};
			name = Release;
		};
/* End XCBuildConfiguration section */

/* Begin XCConfigurationList section */
		3F7632FD21C8999A00B6C366 /* Build configuration list for PBXProject "MVC正逆向" */ = {
			isa = XCConfigurationList;
			buildConfigurations = (
				3F76331221C8999B00B6C366 /* Debug */,
				3F76331321C8999B00B6C366 /* Release */,
			);
			defaultConfigurationIsVisible = 0;
			defaultConfigurationName = Release;
		};
		3F76331421C8999B00B6C366 /* Build configuration list for PBXNativeTarget "MVC正逆向" */ = {
			isa = XCConfigurationList;
			buildConfigurations = (
				3F76331521C8999B00B6C366 /* Debug */,
				3F76331621C8999B00B6C366 /* Release */,
			);
			defaultConfigurationIsVisible = 0;
			defaultConfigurationName = Release;
		};
/* End XCConfigurationList section */
	};
	rootObject = 3F7632FA21C8999A00B6C366 /* Project object */;
}
